
Microsoft Visual Studio Solution File, Format Version 12.00
# Visual Studio 14
VisualStudioVersion = 14.0.23107.0
MinimumVisualStudioVersion = 10.0.40219.1
Project("{2150E333-8FDC-42A3-9474-1A3956D46DE8}") = "src", "src", "{06C584A2-5B3F-40FE-9504-FC2D64B24868}"
EndProject
Project("{2150E333-8FDC-42A3-9474-1A3956D46DE8}") = "Solution Items", "Solution Items", "{FA61BA05-20AC-4D2E-9BBC-5DD41B2C7BA8}"
	ProjectSection(SolutionItems) = preProject
		global.json = global.json
	EndProjectSection
EndProject
Project("{8BB2217D-0F2D-49D1-97BC-3654ED321F3B}") = "MvcService", "src\MvcService\MvcService.xproj", "{A133DC81-7FE8-44EF-A992-1506C78645D4}"
EndProject
Global
	GlobalSection(SolutionConfigurationPlatforms) = preSolution
		Debug|Any CPU = Debug|Any CPU
		Release|Any CPU = Release|Any CPU
	EndGlobalSection
	GlobalSection(ProjectConfigurationPlatforms) = postSolution
		{A133DC81-7FE8-44EF-A992-1506C78645D4}.Debug|Any CPU.ActiveCfg = Debug|Any CPU
		{A133DC81-7FE8-44EF-A992-1506C78645D4}.Debug|Any CPU.Build.0 = Debug|Any CPU
		{A133DC81-7FE8-44EF-A992-1506C78645D4}.Release|Any CPU.ActiveCfg = Release|Any CPU
		{A133DC81-7FE8-44EF-A992-1506C78645D4}.Release|Any CPU.Build.0 = Release|Any CPU
	EndGlobalSection
	GlobalSection(SolutionProperties) = preSolution
		HideSolutionNode = FALSE
	EndGlobalSection
	GlobalSection(NestedProjects) = preSolution
		{A133DC81-7FE8-44EF-A992-1506C78645D4} = {06C584A2-5B3F-40FE-9504-FC2D64B24868}
	EndGlobalSection
EndGlobal
